
Microsoft Visual Studio Solution File, Format Version 12.00
# Visual Studio 15
VisualStudioVersion = 15.0.26124.0
MinimumVisualStudioVersion = 15.0.26124.0
Project("{FAE04EC0-301F-11D3-BF4B-00C04F79EFBC}") = "Domain", "Domain\Domain.csproj", "{71BDBB1F-A5C6-4B26-B999-8F4C8331587D}"
EndProject
Project("{FAE04EC0-301F-11D3-BF4B-00C04F79EFBC}") = "Persistance", "Persistance\Persistance.csproj", "{9380361C-2E06-4CE4-BA17-0AA801EB7A95}"
EndProject
Project("{FAE04EC0-301F-11D3-BF4B-00C04F79EFBC}") = "Application", "Application\Application.csproj", "{98A6E332-AA70-49E6-9DE1-AF45F6887E3D}"
EndProject
Project("{FAE04EC0-301F-11D3-BF4B-00C04F79EFBC}") = "API", "API\API.csproj", "{9E24C925-B858-49BD-8614-3F61716F12AB}"
EndProject
Global
	GlobalSection(SolutionConfigurationPlatforms) = preSolution
		Debug|Any CPU = Debug|Any CPU
		Debug|x64 = Debug|x64
		Debug|x86 = Debug|x86
		Release|Any CPU = Release|Any CPU
		Release|x64 = Release|x64
		Release|x86 = Release|x86
	EndGlobalSection
	GlobalSection(SolutionProperties) = preSolution
		HideSolutionNode = FALSE
	EndGlobalSection
	GlobalSection(ProjectConfigurationPlatforms) = postSolution
		{71BDBB1F-A5C6-4B26-B999-8F4C8331587D}.Debug|Any CPU.ActiveCfg = Debug|Any CPU
		{71BDBB1F-A5C6-4B26-B999-8F4C8331587D}.Debug|Any CPU.Build.0 = Debug|Any CPU
		{71BDBB1F-A5C6-4B26-B999-8F4C8331587D}.Debug|x64.ActiveCfg = Debug|Any CPU
		{71BDBB1F-A5C6-4B26-B999-8F4C8331587D}.Debug|x64.Build.0 = Debug|Any CPU
		{71BDBB1F-A5C6-4B26-B999-8F4C8331587D}.Debug|x86.ActiveCfg = Debug|Any CPU
		{71BDBB1F-A5C6-4B26-B999-8F4C8331587D}.Debug|x86.Build.0 = Debug|Any CPU
		{71BDBB1F-A5C6-4B26-B999-8F4C8331587D}.Release|Any CPU.ActiveCfg = Release|Any CPU
		{71BDBB1F-A5C6-4B26-B999-8F4C8331587D}.Release|Any CPU.Build.0 = Release|Any CPU
		{71BDBB1F-A5C6-4B26-B999-8F4C8331587D}.Release|x64.ActiveCfg = Release|Any CPU
		{71BDBB1F-A5C6-4B26-B999-8F4C8331587D}.Release|x64.Build.0 = Release|Any CPU
		{71BDBB1F-A5C6-4B26-B999-8F4C8331587D}.Release|x86.ActiveCfg = Release|Any CPU
		{71BDBB1F-A5C6-4B26-B999-8F4C8331587D}.Release|x86.Build.0 = Release|Any CPU
		{9380361C-2E06-4CE4-BA17-0AA801EB7A95}.Debug|Any CPU.ActiveCfg = Debug|Any CPU
		{9380361C-2E06-4CE4-BA17-0AA801EB7A95}.Debug|Any CPU.Build.0 = Debug|Any CPU
		{9380361C-2E06-4CE4-BA17-0AA801EB7A95}.Debug|x64.ActiveCfg = Debug|Any CPU
		{9380361C-2E06-4CE4-BA17-0AA801EB7A95}.Debug|x64.Build.0 = Debug|Any CPU
		{9380361C-2E06-4CE4-BA17-0AA801EB7A95}.Debug|x86.ActiveCfg = Debug|Any CPU
		{9380361C-2E06-4CE4-BA17-0AA801EB7A95}.Debug|x86.Build.0 = Debug|Any CPU
		{9380361C-2E06-4CE4-BA17-0AA801EB7A95}.Release|Any CPU.ActiveCfg = Release|Any CPU
		{9380361C-2E06-4CE4-BA17-0AA801EB7A95}.Release|Any CPU.Build.0 = Release|Any CPU
		{9380361C-2E06-4CE4-BA17-0AA801EB7A95}.Release|x64.ActiveCfg = Release|Any CPU
		{9380361C-2E06-4CE4-BA17-0AA801EB7A95}.Release|x64.Build.0 = Release|Any CPU
		{9380361C-2E06-4CE4-BA17-0AA801EB7A95}.Release|x86.ActiveCfg = Release|Any CPU
		{9380361C-2E06-4CE4-BA17-0AA801EB7A95}.Release|x86.Build.0 = Release|Any CPU
		{98A6E332-AA70-49E6-9DE1-AF45F6887E3D}.Debug|Any CPU.ActiveCfg = Debug|Any CPU
		{98A6E332-AA70-49E6-9DE1-AF45F6887E3D}.Debug|Any CPU.Build.0 = Debug|Any CPU
		{98A6E332-AA70-49E6-9DE1-AF45F6887E3D}.Debug|x64.ActiveCfg = Debug|Any CPU
		{98A6E332-AA70-49E6-9DE1-AF45F6887E3D}.Debug|x64.Build.0 = Debug|Any CPU
		{98A6E332-AA70-49E6-9DE1-AF45F6887E3D}.Debug|x86.ActiveCfg = Debug|Any CPU
		{98A6E332-AA70-49E6-9DE1-AF45F6887E3D}.Debug|x86.Build.0 = Debug|Any CPU
		{98A6E332-AA70-49E6-9DE1-AF45F6887E3D}.Release|Any CPU.ActiveCfg = Release|Any CPU
		{98A6E332-AA70-49E6-9DE1-AF45F6887E3D}.Release|Any CPU.Build.0 = Release|Any CPU
		{98A6E332-AA70-49E6-9DE1-AF45F6887E3D}.Release|x64.ActiveCfg = Release|Any CPU
		{98A6E332-AA70-49E6-9DE1-AF45F6887E3D}.Release|x64.Build.0 = Release|Any CPU
		{98A6E332-AA70-49E6-9DE1-AF45F6887E3D}.Release|x86.ActiveCfg = Release|Any CPU
		{98A6E332-AA70-49E6-9DE1-AF45F6887E3D}.Release|x86.Build.0 = Release|Any CPU
		{9E24C925-B858-49BD-8614-3F61716F12AB}.Debug|Any CPU.ActiveCfg = Debug|Any CPU
		{9E24C925-B858-49BD-8614-3F61716F12AB}.Debug|Any CPU.Build.0 = Debug|Any CPU
		{9E24C925-B858-49BD-8614-3F61716F12AB}.Debug|x64.ActiveCfg = Debug|Any CPU
		{9E24C925-B858-49BD-8614-3F61716F12AB}.Debug|x64.Build.0 = Debug|Any CPU
		{9E24C925-B858-49BD-8614-3F61716F12AB}.Debug|x86.ActiveCfg = Debug|Any CPU
		{9E24C925-B858-49BD-8614-3F61716F12AB}.Debug|x86.Build.0 = Debug|Any CPU
		{9E24C925-B858-49BD-8614-3F61716F12AB}.Release|Any CPU.ActiveCfg = Release|Any CPU
		{9E24C925-B858-49BD-8614-3F61716F12AB}.Release|Any CPU.Build.0 = Release|Any CPU
		{9E24C925-B858-49BD-8614-3F61716F12AB}.Release|x64.ActiveCfg = Release|Any CPU
		{9E24C925-B858-49BD-8614-3F61716F12AB}.Release|x64.Build.0 = Release|Any CPU
		{9E24C925-B858-49BD-8614-3F61716F12AB}.Release|x86.ActiveCfg = Release|Any CPU
		{9E24C925-B858-49BD-8614-3F61716F12AB}.Release|x86.Build.0 = Release|Any CPU
	EndGlobalSection
EndGlobal
